// !$*UTF8*$!
{
	archiveVersion = 1;
	classes = {
	};
	objectVersion = 77;
	objects = {

/* Begin PBXBuildFile section */
		2306DC93BEC65E5F8CF96220 /* EditorToolbarView.swift in Sources */ = {isa = PBXBuildFile; fileRef = F7C4275D303A80A70454688A /* EditorToolbarView.swift */; };
		2355E902FE83C90C27671B45 /* SharedKit in Frameworks */ = {isa = PBXBuildFile; productRef = 51D55A24605D59E6AF13BB0A /* SharedKit */; };
		2956AB120B3036FDC13AC6CD /* SidebarView.swift in Sources */ = {isa = PBXBuildFile; fileRef = 3B2B70BA978DB691A9E3F03B /* SidebarView.swift */; };
		3272EAF9175EB93688801E0C /* ModeToggleView.swift in Sources */ = {isa = PBXBuildFile; fileRef = AA7BBC4BB197230185A8EA45 /* ModeToggleView.swift */; };
		3CE5560D1985E95118547EA1 /* EditorViewModel.swift in Sources */ = {isa = PBXBuildFile; fileRef = CDE7DA5FC7E6C2A866BE2282 /* EditorViewModel.swift */; };
		3D003A2D8C24811D5EF35A10 /* iHostsApp.swift in Sources */ = {isa = PBXBuildFile; fileRef = 2DDF3AB3873EC89090406AAD /* iHostsApp.swift */; };
		45DCD8F3097328354FF6A96A /* ModuleListView.swift in Sources */ = {isa = PBXBuildFile; fileRef = A8FDCEF0081D618B6289CB9E /* ModuleListView.swift */; };
		469C00E07E407F2AF0CC7797 /* main.swift in Sources */ = {isa = PBXBuildFile; fileRef = B80975BD553CF87320335E05 /* main.swift */; };
		4F12B434EBA013E3B3723037 /* SharedKit in Frameworks */ = {isa = PBXBuildFile; productRef = 8BFD59A242092D6CD6F7F0D0 /* SharedKit */; };
		52B3FD74928FC99D42859BC6 /* SharedKit in Frameworks */ = {isa = PBXBuildFile; productRef = 67292AB65E8ED3776A04D25F /* SharedKit */; };
		53F09D92E9754B839A05A9F1 /* HelperInstaller.swift in Sources */ = {isa = PBXBuildFile; fileRef = B0B8E4294D837778B5082AF3 /* HelperInstaller.swift */; };
		63DF36501D221E9E46222E18 /* iHostsWidget.appex in Embed Foundation Extensions */ = {isa = PBXBuildFile; fileRef = 8EF1920DB1E0788BB6A59233 /* iHostsWidget.appex */; settings = {ATTRIBUTES = (CodeSignOnCopy, RemoveHeadersOnCopy, ); }; };
		68B264AB5777F5245AC0C543 /* AppViewModel.swift in Sources */ = {isa = PBXBuildFile; fileRef = 8F55FA9FDF439AED36F0CD3D /* AppViewModel.swift */; };
		7D84814D7513AA03B90602C8 /* HostsWidgetBundle.swift in Sources */ = {isa = PBXBuildFile; fileRef = FFA44506DB3C67DC6DEFD8B0 /* HostsWidgetBundle.swift */; };
		8C7F7F6DBF89909F22A1EBE5 /* MenuBarPopoverView.swift in Sources */ = {isa = PBXBuildFile; fileRef = 2F2A6B994D24736EB3B66F0A /* MenuBarPopoverView.swift */; };
		96BCBEFB60FCED66939CD9C3 /* PlaceholderTests.swift in Sources */ = {isa = PBXBuildFile; fileRef = C60DF67F68857E0EE089995D /* PlaceholderTests.swift */; };
		9F46CC7C70B2D6DE1E02D701 /* SharedKit in Frameworks */ = {isa = PBXBuildFile; productRef = 0D023AA9BC995B6C9484E6B3 /* SharedKit */; };
		BB2A6EFFC39B8FA66060EC7C /* HostsToggleIntent.swift in Sources */ = {isa = PBXBuildFile; fileRef = FF49638027D5FBB0D5549C07 /* HostsToggleIntent.swift */; };
		BE65BE718AB65177C13EF6EE /* com.debuginn.iHostsTool.Helper.plist in Resources */ = {isa = PBXBuildFile; fileRef = 5236CD41195389DDED3862C5 /* com.debuginn.iHostsTool.Helper.plist */; };
		CCD498CAE47EB377D4136A0E /* ApplyButton.swift in Sources */ = {isa = PBXBuildFile; fileRef = E59CD07BA6901E384B8077C7 /* ApplyButton.swift */; };
		E2B7E6AD33303B051869C839 /* HostsEditorView.swift in Sources */ = {isa = PBXBuildFile; fileRef = 1A42F092A2A741EFFF0E4487 /* HostsEditorView.swift */; };
		EE70B2D7C0AC6ED4C23E4D5B /* HelperXPCClient.swift in Sources */ = {isa = PBXBuildFile; fileRef = D7CDD657F6E9D16DF9AAD648 /* HelperXPCClient.swift */; };
		F3E281CE18B6E641DC9EEDDD /* ProfileListView.swift in Sources */ = {isa = PBXBuildFile; fileRef = F99209D7B7D08C45FAB9E368 /* ProfileListView.swift */; };
		F45F3F82D536755B701BFC4F /* EditorRootView.swift in Sources */ = {isa = PBXBuildFile; fileRef = F6DA1D86631D457B54501E43 /* EditorRootView.swift */; };
/* End PBXBuildFile section */

/* Begin PBXContainerItemProxy section */
		1D532F3729FF7D92080B4FBC /* PBXContainerItemProxy */ = {
			isa = PBXContainerItemProxy;
			containerPortal = 96976086DE5D976E40034A69 /* Project object */;
			proxyType = 1;
			remoteGlobalIDString = 38261222B599A4AF48447B22;
			remoteInfo = iHostsWidget;
		};
		397D05B0CD72862A40488E52 /* PBXContainerItemProxy */ = {
			isa = PBXContainerItemProxy;
			containerPortal = 96976086DE5D976E40034A69 /* Project object */;
			proxyType = 1;
			remoteGlobalIDString = 32CEAEF06780A12EEABC66AA;
			remoteInfo = iHostsHelper;
		};
/* End PBXContainerItemProxy section */

/* Begin PBXCopyFilesBuildPhase section */
		81946E314BC086E2DF6C34D4 /* Embed Foundation Extensions */ = {
			isa = PBXCopyFilesBuildPhase;
			buildActionMask = 2147483647;
			dstPath = "";
			dstSubfolderSpec = 13;
			files = (
				63DF36501D221E9E46222E18 /* iHostsWidget.appex in Embed Foundation Extensions */,
			);
			name = "Embed Foundation Extensions";
			runOnlyForDeploymentPostprocessing = 0;
		};
/* End PBXCopyFilesBuildPhase section */

/* Begin PBXFileReference section */
		0D4813B8FC1E55F582CF2966 /* iHostsHelper */ = {isa = PBXFileReference; includeInIndex = 0; path = iHostsHelper; sourceTree = BUILT_PRODUCTS_DIR; };
		154753FFF82B9D1BE0D4508B /* iHostsHelper.entitlements */ = {isa = PBXFileReference; lastKnownFileType = text.plist.entitlements; path = iHostsHelper.entitlements; sourceTree = "<group>"; };
		1A42F092A2A741EFFF0E4487 /* HostsEditorView.swift */ = {isa = PBXFileReference; lastKnownFileType = sourcecode.swift; path = HostsEditorView.swift; sourceTree = "<group>"; };
		2DDF3AB3873EC89090406AAD /* iHostsApp.swift */ = {isa = PBXFileReference; lastKnownFileType = sourcecode.swift; path = iHostsApp.swift; sourceTree = "<group>"; };
		2F2A6B994D24736EB3B66F0A /* MenuBarPopoverView.swift */ = {isa = PBXFileReference; lastKnownFileType = sourcecode.swift; path = MenuBarPopoverView.swift; sourceTree = "<group>"; };
		3B2B70BA978DB691A9E3F03B /* SidebarView.swift */ = {isa = PBXFileReference; lastKnownFileType = sourcecode.swift; path = SidebarView.swift; sourceTree = "<group>"; };
		3BE52A484CB5F3F509DC84F4 /* Info.plist */ = {isa = PBXFileReference; lastKnownFileType = text.plist; path = Info.plist; sourceTree = "<group>"; };
		5236CD41195389DDED3862C5 /* com.debuginn.iHostsTool.Helper.plist */ = {isa = PBXFileReference; lastKnownFileType = text.plist; path = com.debuginn.iHostsTool.Helper.plist; sourceTree = "<group>"; };
		625A2735054108449CB8F50E /* iHostsWidget.entitlements */ = {isa = PBXFileReference; lastKnownFileType = text.plist.entitlements; path = iHostsWidget.entitlements; sourceTree = "<group>"; };
		82985EE749985C2E2CC479AA /* Info.plist */ = {isa = PBXFileReference; lastKnownFileType = text.plist; path = Info.plist; sourceTree = "<group>"; };
		882B531122CFE55F4B2B4B86 /* iHostsTool.app */ = {isa = PBXFileReference; explicitFileType = wrapper.application; includeInIndex = 0; path = iHostsTool.app; sourceTree = BUILT_PRODUCTS_DIR; };
		8EF1920DB1E0788BB6A59233 /* iHostsWidget.appex */ = {isa = PBXFileReference; explicitFileType = "wrapper.app-extension"; includeInIndex = 0; path = iHostsWidget.appex; sourceTree = BUILT_PRODUCTS_DIR; };
		8F55FA9FDF439AED36F0CD3D /* AppViewModel.swift */ = {isa = PBXFileReference; lastKnownFileType = sourcecode.swift; path = AppViewModel.swift; sourceTree = "<group>"; };
		9D282B1EAD0BBDC16815F3FF /* SharedKitTests.xctest */ = {isa = PBXFileReference; explicitFileType = wrapper.cfbundle; includeInIndex = 0; path = SharedKitTests.xctest; sourceTree = BUILT_PRODUCTS_DIR; };
		A8FDCEF0081D618B6289CB9E /* ModuleListView.swift */ = {isa = PBXFileReference; lastKnownFileType = sourcecode.swift; path = ModuleListView.swift; sourceTree = "<group>"; };
		AA7BBC4BB197230185A8EA45 /* ModeToggleView.swift */ = {isa = PBXFileReference; lastKnownFileType = sourcecode.swift; path = ModeToggleView.swift; sourceTree = "<group>"; };
		B02DB0DF39BECA641C1DA559 /* Info.plist */ = {isa = PBXFileReference; lastKnownFileType = text.plist; path = Info.plist; sourceTree = "<group>"; };
		B0B8E4294D837778B5082AF3 /* HelperInstaller.swift */ = {isa = PBXFileReference; lastKnownFileType = sourcecode.swift; path = HelperInstaller.swift; sourceTree = "<group>"; };
		B80975BD553CF87320335E05 /* main.swift */ = {isa = PBXFileReference; lastKnownFileType = sourcecode.swift; path = main.swift; sourceTree = "<group>"; };
		C60DF67F68857E0EE089995D /* PlaceholderTests.swift */ = {isa = PBXFileReference; lastKnownFileType = sourcecode.swift; path = PlaceholderTests.swift; sourceTree = "<group>"; };
		C954CD2521964D43782A24D9 /* iHostsTool.entitlements */ = {isa = PBXFileReference; lastKnownFileType = text.plist.entitlements; path = iHostsTool.entitlements; sourceTree = "<group>"; };
		CDE7DA5FC7E6C2A866BE2282 /* EditorViewModel.swift */ = {isa = PBXFileReference; lastKnownFileType = sourcecode.swift; path = EditorViewModel.swift; sourceTree = "<group>"; };
		D7CDD657F6E9D16DF9AAD648 /* HelperXPCClient.swift */ = {isa = PBXFileReference; lastKnownFileType = sourcecode.swift; path = HelperXPCClient.swift; sourceTree = "<group>"; };
		E59CD07BA6901E384B8077C7 /* ApplyButton.swift */ = {isa = PBXFileReference; lastKnownFileType = sourcecode.swift; path = ApplyButton.swift; sourceTree = "<group>"; };
		F6DA1D86631D457B54501E43 /* EditorRootView.swift */ = {isa = PBXFileReference; lastKnownFileType = sourcecode.swift; path = EditorRootView.swift; sourceTree = "<group>"; };
		F7C4275D303A80A70454688A /* EditorToolbarView.swift */ = {isa = PBXFileReference; lastKnownFileType = sourcecode.swift; path = EditorToolbarView.swift; sourceTree = "<group>"; };
		F99209D7B7D08C45FAB9E368 /* ProfileListView.swift */ = {isa = PBXFileReference; lastKnownFileType = sourcecode.swift; path = ProfileListView.swift; sourceTree = "<group>"; };
		FA0487D0C4584FB8CF399712 /* SharedKit */ = {isa = PBXFileReference; lastKnownFileType = folder; name = SharedKit; path = SharedKit; sourceTree = SOURCE_ROOT; };
		FF49638027D5FBB0D5549C07 /* HostsToggleIntent.swift */ = {isa = PBXFileReference; lastKnownFileType = sourcecode.swift; path = HostsToggleIntent.swift; sourceTree = "<group>"; };
		FFA44506DB3C67DC6DEFD8B0 /* HostsWidgetBundle.swift */ = {isa = PBXFileReference; lastKnownFileType = sourcecode.swift; path = HostsWidgetBundle.swift; sourceTree = "<group>"; };
/* End PBXFileReference section */

/* Begin PBXFrameworksBuildPhase section */
		50DF689CAEF04654E8CA7928 /* Frameworks */ = {
			isa = PBXFrameworksBuildPhase;
			buildActionMask = 2147483647;
			files = (
				52B3FD74928FC99D42859BC6 /* SharedKit in Frameworks */,
			);
			runOnlyForDeploymentPostprocessing = 0;
		};
		62A2AEB700C595EE740F25C4 /* Frameworks */ = {
			isa = PBXFrameworksBuildPhase;
			buildActionMask = 2147483647;
			files = (
				9F46CC7C70B2D6DE1E02D701 /* SharedKit in Frameworks */,
			);
			runOnlyForDeploymentPostprocessing = 0;
		};
		A9B3D5AD403B4A72150F5BB0 /* Frameworks */ = {
			isa = PBXFrameworksBuildPhase;
			buildActionMask = 2147483647;
			files = (
				4F12B434EBA013E3B3723037 /* SharedKit in Frameworks */,
			);
			runOnlyForDeploymentPostprocessing = 0;
		};
		E3846D745612740F686504BC /* Frameworks */ = {
			isa = PBXFrameworksBuildPhase;
			buildActionMask = 2147483647;
			files = (
				2355E902FE83C90C27671B45 /* SharedKit in Frameworks */,
			);
			runOnlyForDeploymentPostprocessing = 0;
		};
/* End PBXFrameworksBuildPhase section */

/* Begin PBXGroup section */
		08B5D9DDFA86B19DAB887F9B /* iHostsTool */ = {
			isa = PBXGroup;
			children = (
				C954CD2521964D43782A24D9 /* iHostsTool.entitlements */,
				82985EE749985C2E2CC479AA /* Info.plist */,
				19A2D6E819F2D43B3805B900 /* App */,
				DADC4831E9C07158FEBC8E02 /* Resources */,
				0DFB71B167160FC6BC93183B /* Services */,
				E91A65FFC5BB377696BC4388 /* ViewModels */,
				4864260695EE994F0D68BE3F /* Views */,
			);
			path = iHostsTool;
			sourceTree = "<group>";
		};
		0DFB71B167160FC6BC93183B /* Services */ = {
			isa = PBXGroup;
			children = (
				B0B8E4294D837778B5082AF3 /* HelperInstaller.swift */,
				D7CDD657F6E9D16DF9AAD648 /* HelperXPCClient.swift */,
			);
			path = Services;
			sourceTree = "<group>";
		};
		19A2D6E819F2D43B3805B900 /* App */ = {
			isa = PBXGroup;
			children = (
				2DDF3AB3873EC89090406AAD /* iHostsApp.swift */,
			);
			path = App;
			sourceTree = "<group>";
		};
		4864260695EE994F0D68BE3F /* Views */ = {
			isa = PBXGroup;
			children = (
				4941F43359CE6511D4C5E294 /* Editor */,
				4E9B7F7AA0EA10DD3946F095 /* MenuBar */,
			);
			path = Views;
			sourceTree = "<group>";
		};
		4941F43359CE6511D4C5E294 /* Editor */ = {
			isa = PBXGroup;
			children = (
				F6DA1D86631D457B54501E43 /* EditorRootView.swift */,
				F7C4275D303A80A70454688A /* EditorToolbarView.swift */,
				1A42F092A2A741EFFF0E4487 /* HostsEditorView.swift */,
				3B2B70BA978DB691A9E3F03B /* SidebarView.swift */,
			);
			path = Editor;
			sourceTree = "<group>";
		};
		4E9B7F7AA0EA10DD3946F095 /* MenuBar */ = {
			isa = PBXGroup;
			children = (
				E59CD07BA6901E384B8077C7 /* ApplyButton.swift */,
				2F2A6B994D24736EB3B66F0A /* MenuBarPopoverView.swift */,
				AA7BBC4BB197230185A8EA45 /* ModeToggleView.swift */,
				A8FDCEF0081D618B6289CB9E /* ModuleListView.swift */,
				F99209D7B7D08C45FAB9E368 /* ProfileListView.swift */,
			);
			path = MenuBar;
			sourceTree = "<group>";
		};
		5329A1106AF152E1D1266AE3 /* Products */ = {
			isa = PBXGroup;
			children = (
				0D4813B8FC1E55F582CF2966 /* iHostsHelper */,
				882B531122CFE55F4B2B4B86 /* iHostsTool.app */,
				8EF1920DB1E0788BB6A59233 /* iHostsWidget.appex */,
				9D282B1EAD0BBDC16815F3FF /* SharedKitTests.xctest */,
			);
			name = Products;
			sourceTree = "<group>";
		};
		84BAD12AFF5BC10EFD0C9263 /* LaunchDaemons */ = {
			isa = PBXGroup;
			children = (
				5236CD41195389DDED3862C5 /* com.debuginn.iHostsTool.Helper.plist */,
			);
			path = LaunchDaemons;
			sourceTree = "<group>";
		};
		8EE3DC97090B8A065631B776 /* iHostsWidget */ = {
			isa = PBXGroup;
			children = (
				FF49638027D5FBB0D5549C07 /* HostsToggleIntent.swift */,
				FFA44506DB3C67DC6DEFD8B0 /* HostsWidgetBundle.swift */,
				625A2735054108449CB8F50E /* iHostsWidget.entitlements */,
				B02DB0DF39BECA641C1DA559 /* Info.plist */,
			);
			path = iHostsWidget;
			sourceTree = "<group>";
		};
		B8CF07541F1C3F4E3765007F /* Packages */ = {
			isa = PBXGroup;
			children = (
				FA0487D0C4584FB8CF399712 /* SharedKit */,
			);
			name = Packages;
			sourceTree = "<group>";
		};
		C5484D13D7C83263947746C9 = {
			isa = PBXGroup;
			children = (
				D5DCC36ECB0D5CE99730D281 /* iHostsHelper */,
				08B5D9DDFA86B19DAB887F9B /* iHostsTool */,
				8EE3DC97090B8A065631B776 /* iHostsWidget */,
				B8CF07541F1C3F4E3765007F /* Packages */,
				D127F08771F2E2CCF77DA60F /* SharedKitTests */,
				5329A1106AF152E1D1266AE3 /* Products */,
			);
			sourceTree = "<group>";
		};
		D127F08771F2E2CCF77DA60F /* SharedKitTests */ = {
			isa = PBXGroup;
			children = (
				C60DF67F68857E0EE089995D /* PlaceholderTests.swift */,
			);
			path = SharedKitTests;
			sourceTree = "<group>";
		};
		D5DCC36ECB0D5CE99730D281 /* iHostsHelper */ = {
			isa = PBXGroup;
			children = (
				154753FFF82B9D1BE0D4508B /* iHostsHelper.entitlements */,
				3BE52A484CB5F3F509DC84F4 /* Info.plist */,
				B80975BD553CF87320335E05 /* main.swift */,
			);
			path = iHostsHelper;
			sourceTree = "<group>";
		};
		DADC4831E9C07158FEBC8E02 /* Resources */ = {
			isa = PBXGroup;
			children = (
				84BAD12AFF5BC10EFD0C9263 /* LaunchDaemons */,
			);
			path = Resources;
			sourceTree = "<group>";
		};
		E91A65FFC5BB377696BC4388 /* ViewModels */ = {
			isa = PBXGroup;
			children = (
				8F55FA9FDF439AED36F0CD3D /* AppViewModel.swift */,
				CDE7DA5FC7E6C2A866BE2282 /* EditorViewModel.swift */,
			);
			path = ViewModels;
			sourceTree = "<group>";
		};
/* End PBXGroup section */

/* Begin PBXNativeTarget section */
		32CEAEF06780A12EEABC66AA /* iHostsHelper */ = {
			isa = PBXNativeTarget;
			buildConfigurationList = F2805E4367D07615FA90404E /* Build configuration list for PBXNativeTarget "iHostsHelper" */;
			buildPhases = (
				46AFA09A3876D813EB886C0D /* Sources */,
				E3846D745612740F686504BC /* Frameworks */,
			);
			buildRules = (
			);
			dependencies = (
			);
			name = iHostsHelper;
			packageProductDependencies = (
				51D55A24605D59E6AF13BB0A /* SharedKit */,
			);
			productName = iHostsHelper;
			productReference = 0D4813B8FC1E55F582CF2966 /* iHostsHelper */;
			productType = "com.apple.product-type.tool";
		};
		38261222B599A4AF48447B22 /* iHostsWidget */ = {
			isa = PBXNativeTarget;
			buildConfigurationList = 105331427BFFE622ACA5BFF1 /* Build configuration list for PBXNativeTarget "iHostsWidget" */;
			buildPhases = (
				3E8EFD1BA5C96E53966E8285 /* Sources */,
				A9B3D5AD403B4A72150F5BB0 /* Frameworks */,
			);
			buildRules = (
			);
			dependencies = (
			);
			name = iHostsWidget;
			packageProductDependencies = (
				8BFD59A242092D6CD6F7F0D0 /* SharedKit */,
			);
			productName = iHostsWidget;
			productReference = 8EF1920DB1E0788BB6A59233 /* iHostsWidget.appex */;
			productType = "com.apple.product-type.app-extension";
		};
		9017A2DD19B72DC6986863FA /* SharedKitTests */ = {
			isa = PBXNativeTarget;
			buildConfigurationList = 61DB1260409798F791FDFF81 /* Build configuration list for PBXNativeTarget "SharedKitTests" */;
			buildPhases = (
				503077D41B93D1393540F9E9 /* Sources */,
				62A2AEB700C595EE740F25C4 /* Frameworks */,
			);
			buildRules = (
			);
			dependencies = (
			);
			name = SharedKitTests;
			packageProductDependencies = (
				0D023AA9BC995B6C9484E6B3 /* SharedKit */,
			);
			productName = SharedKitTests;
			productReference = 9D282B1EAD0BBDC16815F3FF /* SharedKitTests.xctest */;
			productType = "com.apple.product-type.bundle.unit-test";
		};
		B721322A7C256B942C39038F /* iHostsTool */ = {
			isa = PBXNativeTarget;
			buildConfigurationList = FC5D6D5FCD39A1BDD78C3F75 /* Build configuration list for PBXNativeTarget "iHostsTool" */;
			buildPhases = (
				03079876F4F40CD0F1483A92 /* Sources */,
				0AE108305CBC1D753A1C390F /* Resources */,
				50DF689CAEF04654E8CA7928 /* Frameworks */,
				81946E314BC086E2DF6C34D4 /* Embed Foundation Extensions */,
			);
			buildRules = (
			);
			dependencies = (
				0228203A5D015783AE8CC193 /* PBXTargetDependency */,
				7BE4E1C91BA7B0EA4663F470 /* PBXTargetDependency */,
			);
			name = iHostsTool;
			packageProductDependencies = (
				67292AB65E8ED3776A04D25F /* SharedKit */,
			);
			productName = iHostsTool;
			productReference = 882B531122CFE55F4B2B4B86 /* iHostsTool.app */;
			productType = "com.apple.product-type.application";
		};
/* End PBXNativeTarget section */

/* Begin PBXProject section */
		96976086DE5D976E40034A69 /* Project object */ = {
			isa = PBXProject;
			attributes = {
				BuildIndependentTargetsInParallel = YES;
				LastUpgradeCheck = 2600;
				TargetAttributes = {
					32CEAEF06780A12EEABC66AA = {
						DevelopmentTeam = "";
						ProvisioningStyle = Automatic;
					};
					38261222B599A4AF48447B22 = {
						DevelopmentTeam = "";
						ProvisioningStyle = Automatic;
					};
					9017A2DD19B72DC6986863FA = {
						DevelopmentTeam = "";
						ProvisioningStyle = Automatic;
					};
					B721322A7C256B942C39038F = {
						DevelopmentTeam = "";
						ProvisioningStyle = Automatic;
					};
				};
			};
			buildConfigurationList = FABC3E04CACB3EF98DD4088C /* Build configuration list for PBXProject "iHostsTool" */;
			developmentRegion = en;
			hasScannedForEncodings = 0;
			knownRegions = (
				Base,
				en,
			);
			mainGroup = C5484D13D7C83263947746C9;
			minimizedProjectReferenceProxies = 1;
			packageReferences = (
				D6BC7B061C4CE982F05E7625 /* XCLocalSwiftPackageReference "SharedKit" */,
			);
			preferredProjectObjectVersion = 77;
			productRefGroup = 5329A1106AF152E1D1266AE3 /* Products */;
			projectDirPath = "";
			projectRoot = "";
			targets = (
				9017A2DD19B72DC6986863FA /* SharedKitTests */,
				32CEAEF06780A12EEABC66AA /* iHostsHelper */,
				B721322A7C256B942C39038F /* iHostsTool */,
				38261222B599A4AF48447B22 /* iHostsWidget */,
			);
		};
/* End PBXProject section */

/* Begin PBXResourcesBuildPhase section */
		0AE108305CBC1D753A1C390F /* Resources */ = {
			isa = PBXResourcesBuildPhase;
			buildActionMask = 2147483647;
			files = (
				BE65BE718AB65177C13EF6EE /* com.debuginn.iHostsTool.Helper.plist in Resources */,
			);
			runOnlyForDeploymentPostprocessing = 0;
		};
/* End PBXResourcesBuildPhase section */

/* Begin PBXSourcesBuildPhase section */
		03079876F4F40CD0F1483A92 /* Sources */ = {
			isa = PBXSourcesBuildPhase;
			buildActionMask = 2147483647;
			files = (
				68B264AB5777F5245AC0C543 /* AppViewModel.swift in Sources */,
				CCD498CAE47EB377D4136A0E /* ApplyButton.swift in Sources */,
				F45F3F82D536755B701BFC4F /* EditorRootView.swift in Sources */,
				2306DC93BEC65E5F8CF96220 /* EditorToolbarView.swift in Sources */,
				3CE5560D1985E95118547EA1 /* EditorViewModel.swift in Sources */,
				53F09D92E9754B839A05A9F1 /* HelperInstaller.swift in Sources */,
				EE70B2D7C0AC6ED4C23E4D5B /* HelperXPCClient.swift in Sources */,
				E2B7E6AD33303B051869C839 /* HostsEditorView.swift in Sources */,
				8C7F7F6DBF89909F22A1EBE5 /* MenuBarPopoverView.swift in Sources */,
				3272EAF9175EB93688801E0C /* ModeToggleView.swift in Sources */,
				45DCD8F3097328354FF6A96A /* ModuleListView.swift in Sources */,
				F3E281CE18B6E641DC9EEDDD /* ProfileListView.swift in Sources */,
				2956AB120B3036FDC13AC6CD /* SidebarView.swift in Sources */,
				3D003A2D8C24811D5EF35A10 /* iHostsApp.swift in Sources */,
			);
			runOnlyForDeploymentPostprocessing = 0;
		};
		3E8EFD1BA5C96E53966E8285 /* Sources */ = {
			isa = PBXSourcesBuildPhase;
			buildActionMask = 2147483647;
			files = (
				BB2A6EFFC39B8FA66060EC7C /* HostsToggleIntent.swift in Sources */,
				7D84814D7513AA03B90602C8 /* HostsWidgetBundle.swift in Sources */,
			);
			runOnlyForDeploymentPostprocessing = 0;
		};
		46AFA09A3876D813EB886C0D /* Sources */ = {
			isa = PBXSourcesBuildPhase;
			buildActionMask = 2147483647;
			files = (
				469C00E07E407F2AF0CC7797 /* main.swift in Sources */,
			);
			runOnlyForDeploymentPostprocessing = 0;
		};
		503077D41B93D1393540F9E9 /* Sources */ = {
			isa = PBXSourcesBuildPhase;
			buildActionMask = 2147483647;
			files = (
				96BCBEFB60FCED66939CD9C3 /* PlaceholderTests.swift in Sources */,
			);
			runOnlyForDeploymentPostprocessing = 0;
		};
/* End PBXSourcesBuildPhase section */

/* Begin PBXTargetDependency section */
		0228203A5D015783AE8CC193 /* PBXTargetDependency */ = {
			isa = PBXTargetDependency;
			target = 32CEAEF06780A12EEABC66AA /* iHostsHelper */;
			targetProxy = 397D05B0CD72862A40488E52 /* PBXContainerItemProxy */;
		};
		7BE4E1C91BA7B0EA4663F470 /* PBXTargetDependency */ = {
			isa = PBXTargetDependency;
			target = 38261222B599A4AF48447B22 /* iHostsWidget */;
			targetProxy = 1D532F3729FF7D92080B4FBC /* PBXContainerItemProxy */;
		};
/* End PBXTargetDependency section */

/* Begin XCBuildConfiguration section */
		0827430F8AD2CDD0F515BDFA /* Debug */ = {
			isa = XCBuildConfiguration;
			buildSettings = {
				CODE_SIGN_ENTITLEMENTS = iHostsHelper/iHostsHelper.entitlements;
				COMBINE_HIDPI_IMAGES = YES;
				ENABLE_HARDENED_RUNTIME = YES;
				INFOPLIST_FILE = iHostsHelper/Info.plist;
				LD_RUNPATH_SEARCH_PATHS = (
					"$(inherited)",
					"@executable_path/../Frameworks",
				);
				MACOSX_DEPLOYMENT_TARGET = 26.0;
				PRODUCT_BUNDLE_IDENTIFIER = com.debuginn.iHostsTool.Helper;
				PRODUCT_NAME = iHostsHelper;
				SDKROOT = macosx;
				SKIP_INSTALL = NO;
			};
			name = Debug;
		};
		56F2F0D78EF1411055B6DEDE /* Release */ = {
			isa = XCBuildConfiguration;
			buildSettings = {
				ASSETCATALOG_COMPILER_APPICON_NAME = AppIcon;
				CODE_SIGN_ENTITLEMENTS = iHostsTool/iHostsTool.entitlements;
				COMBINE_HIDPI_IMAGES = YES;
				ENABLE_HARDENED_RUNTIME = YES;
				INFOPLIST_FILE = iHostsTool/Info.plist;
				LD_RUNPATH_SEARCH_PATHS = (
					"$(inherited)",
					"@executable_path/../Frameworks",
				);
				MACOSX_DEPLOYMENT_TARGET = 26.0;
				PRODUCT_BUNDLE_IDENTIFIER = com.debuginn.iHostsTool;
				PRODUCT_NAME = iHostsTool;
				SDKROOT = macosx;
			};
			name = Release;
		};
		5F21130E2C333BDE0F8D7D97 /* Debug */ = {
			isa = XCBuildConfiguration;
			buildSettings = {
				ALWAYS_SEARCH_USER_PATHS = NO;
				CLANG_ANALYZER_NONNULL = YES;
				CLANG_ANALYZER_NUMBER_OBJECT_CONVERSION = YES_AGGRESSIVE;
				CLANG_CXX_LANGUAGE_STANDARD = "gnu++14";
				CLANG_CXX_LIBRARY = "libc++";
				CLANG_ENABLE_MODULES = YES;
				CLANG_ENABLE_OBJC_ARC = YES;
				CLANG_ENABLE_OBJC_WEAK = YES;
				CLANG_WARN_BLOCK_CAPTURE_AUTORELEASING = YES;
				CLANG_WARN_BOOL_CONVERSION = YES;
				CLANG_WARN_COMMA = YES;
				CLANG_WARN_CONSTANT_CONVERSION = YES;
				CLANG_WARN_DEPRECATED_OBJC_IMPLEMENTATIONS = YES;
				CLANG_WARN_DIRECT_OBJC_ISA_USAGE = YES_ERROR;
				CLANG_WARN_DOCUMENTATION_COMMENTS = YES;
				CLANG_WARN_EMPTY_BODY = YES;
				CLANG_WARN_ENUM_CONVERSION = YES;
				CLANG_WARN_INFINITE_RECURSION = YES;
				CLANG_WARN_INT_CONVERSION = YES;
				CLANG_WARN_NON_LITERAL_NULL_CONVERSION = YES;
				CLANG_WARN_OBJC_IMPLICIT_RETAIN_SELF = YES;
				CLANG_WARN_OBJC_LITERAL_CONVERSION = YES;
				CLANG_WARN_OBJC_ROOT_CLASS = YES_ERROR;
				CLANG_WARN_QUOTED_INCLUDE_IN_FRAMEWORK_HEADER = YES;
				CLANG_WARN_RANGE_LOOP_ANALYSIS = YES;
				CLANG_WARN_STRICT_PROTOTYPES = YES;
				CLANG_WARN_SUSPICIOUS_MOVE = YES;
				CLANG_WARN_UNGUARDED_AVAILABILITY = YES_AGGRESSIVE;
				CLANG_WARN_UNREACHABLE_CODE = YES;
				CLANG_WARN__DUPLICATE_METHOD_MATCH = YES;
				CODE_SIGN_STYLE = Automatic;
				COPY_PHASE_STRIP = NO;
				DEBUG_INFORMATION_FORMAT = dwarf;
				DEVELOPMENT_TEAM = "";
				ENABLE_STRICT_OBJC_MSGSEND = YES;
				ENABLE_TESTABILITY = YES;
				GCC_C_LANGUAGE_STANDARD = gnu11;
				GCC_DYNAMIC_NO_PIC = NO;
				GCC_NO_COMMON_BLOCKS = YES;
				GCC_OPTIMIZATION_LEVEL = 0;
				GCC_PREPROCESSOR_DEFINITIONS = (
					"$(inherited)",
					"DEBUG=1",
				);
				GCC_WARN_64_TO_32_BIT_CONVERSION = YES;
				GCC_WARN_ABOUT_RETURN_TYPE = YES_ERROR;
				GCC_WARN_UNDECLARED_SELECTOR = YES;
				GCC_WARN_UNINITIALIZED_AUTOS = YES_AGGRESSIVE;
				GCC_WARN_UNUSED_FUNCTION = YES;
				GCC_WARN_UNUSED_VARIABLE = YES;
				MACOSX_DEPLOYMENT_TARGET = 26.0;
				MTL_ENABLE_DEBUG_INFO = INCLUDE_SOURCE;
				MTL_FAST_MATH = YES;
				ONLY_ACTIVE_ARCH = YES;
				PRODUCT_NAME = "$(TARGET_NAME)";
				SDKROOT = macosx;
				SWIFT_ACTIVE_COMPILATION_CONDITIONS = DEBUG;
				SWIFT_OPTIMIZATION_LEVEL = "-Onone";
				SWIFT_VERSION = 6.0;
			};
			name = Debug;
		};
		642F023D67B4EF8F4D0EDC01 /* Debug */ = {
			isa = XCBuildConfiguration;
			buildSettings = {
				ASSETCATALOG_COMPILER_APPICON_NAME = AppIcon;
				CODE_SIGN_ENTITLEMENTS = iHostsTool/iHostsTool.entitlements;
				COMBINE_HIDPI_IMAGES = YES;
				ENABLE_HARDENED_RUNTIME = YES;
				INFOPLIST_FILE = iHostsTool/Info.plist;
				LD_RUNPATH_SEARCH_PATHS = (
					"$(inherited)",
					"@executable_path/../Frameworks",
				);
				MACOSX_DEPLOYMENT_TARGET = 26.0;
				PRODUCT_BUNDLE_IDENTIFIER = com.debuginn.iHostsTool;
				PRODUCT_NAME = iHostsTool;
				SDKROOT = macosx;
			};
			name = Debug;
		};
		698193F99D15B6952376340D /* Debug */ = {
			isa = XCBuildConfiguration;
			buildSettings = {
				CODE_SIGN_ENTITLEMENTS = iHostsWidget/iHostsWidget.entitlements;
				COMBINE_HIDPI_IMAGES = YES;
				INFOPLIST_FILE = iHostsWidget/Info.plist;
				LD_RUNPATH_SEARCH_PATHS = (
					"$(inherited)",
					"@executable_path/../Frameworks",
					"@executable_path/../../../../Frameworks",
				);
				MACOSX_DEPLOYMENT_TARGET = 26.0;
				PRODUCT_BUNDLE_IDENTIFIER = com.debuginn.iHostsTool.Widget;
				PRODUCT_NAME = iHostsWidget;
				SDKROOT = macosx;
			};
			name = Debug;
		};
		6A0CBF8C38A123FBFDA8615E /* Release */ = {
			isa = XCBuildConfiguration;
			buildSettings = {
				ALWAYS_SEARCH_USER_PATHS = NO;
				CLANG_ANALYZER_NONNULL = YES;
				CLANG_ANALYZER_NUMBER_OBJECT_CONVERSION = YES_AGGRESSIVE;
				CLANG_CXX_LANGUAGE_STANDARD = "gnu++14";
				CLANG_CXX_LIBRARY = "libc++";
				CLANG_ENABLE_MODULES = YES;
				CLANG_ENABLE_OBJC_ARC = YES;
				CLANG_ENABLE_OBJC_WEAK = YES;
				CLANG_WARN_BLOCK_CAPTURE_AUTORELEASING = YES;
				CLANG_WARN_BOOL_CONVERSION = YES;
				CLANG_WARN_COMMA = YES;
				CLANG_WARN_CONSTANT_CONVERSION = YES;
				CLANG_WARN_DEPRECATED_OBJC_IMPLEMENTATIONS = YES;
				CLANG_WARN_DIRECT_OBJC_ISA_USAGE = YES_ERROR;
				CLANG_WARN_DOCUMENTATION_COMMENTS = YES;
				CLANG_WARN_EMPTY_BODY = YES;
				CLANG_WARN_ENUM_CONVERSION = YES;
				CLANG_WARN_INFINITE_RECURSION = YES;
				CLANG_WARN_INT_CONVERSION = YES;
				CLANG_WARN_NON_LITERAL_NULL_CONVERSION = YES;
				CLANG_WARN_OBJC_IMPLICIT_RETAIN_SELF = YES;
				CLANG_WARN_OBJC_LITERAL_CONVERSION = YES;
				CLANG_WARN_OBJC_ROOT_CLASS = YES_ERROR;
				CLANG_WARN_QUOTED_INCLUDE_IN_FRAMEWORK_HEADER = YES;
				CLANG_WARN_RANGE_LOOP_ANALYSIS = YES;
				CLANG_WARN_STRICT_PROTOTYPES = YES;
				CLANG_WARN_SUSPICIOUS_MOVE = YES;
				CLANG_WARN_UNGUARDED_AVAILABILITY = YES_AGGRESSIVE;
				CLANG_WARN_UNREACHABLE_CODE = YES;
				CLANG_WARN__DUPLICATE_METHOD_MATCH = YES;
				CODE_SIGN_STYLE = Automatic;
				COPY_PHASE_STRIP = NO;
				DEBUG_INFORMATION_FORMAT = "dwarf-with-dsym";
				DEVELOPMENT_TEAM = "";
				ENABLE_NS_ASSERTIONS = NO;
				ENABLE_STRICT_OBJC_MSGSEND = YES;
				GCC_C_LANGUAGE_STANDARD = gnu11;
				GCC_NO_COMMON_BLOCKS = YES;
				GCC_WARN_64_TO_32_BIT_CONVERSION = YES;
				GCC_WARN_ABOUT_RETURN_TYPE = YES_ERROR;
				GCC_WARN_UNDECLARED_SELECTOR = YES;
				GCC_WARN_UNINITIALIZED_AUTOS = YES_AGGRESSIVE;
				GCC_WARN_UNUSED_FUNCTION = YES;
				GCC_WARN_UNUSED_VARIABLE = YES;
				MACOSX_DEPLOYMENT_TARGET = 26.0;
				MTL_ENABLE_DEBUG_INFO = NO;
				MTL_FAST_MATH = YES;
				PRODUCT_NAME = "$(TARGET_NAME)";
				SDKROOT = macosx;
				SWIFT_COMPILATION_MODE = wholemodule;
				SWIFT_OPTIMIZATION_LEVEL = "-O";
				SWIFT_VERSION = 6.0;
			};
			name = Release;
		};
		85B65375CF05992EFBAF0FBF /* Release */ = {
			isa = XCBuildConfiguration;
			buildSettings = {
				CODE_SIGN_ENTITLEMENTS = iHostsWidget/iHostsWidget.entitlements;
				COMBINE_HIDPI_IMAGES = YES;
				INFOPLIST_FILE = iHostsWidget/Info.plist;
				LD_RUNPATH_SEARCH_PATHS = (
					"$(inherited)",
					"@executable_path/../Frameworks",
					"@executable_path/../../../../Frameworks",
				);
				MACOSX_DEPLOYMENT_TARGET = 26.0;
				PRODUCT_BUNDLE_IDENTIFIER = com.debuginn.iHostsTool.Widget;
				PRODUCT_NAME = iHostsWidget;
				SDKROOT = macosx;
			};
			name = Release;
		};
		8F3BD7156D5B175481AC5D84 /* Debug */ = {
			isa = XCBuildConfiguration;
			buildSettings = {
				BUNDLE_LOADER = "$(TEST_HOST)";
				COMBINE_HIDPI_IMAGES = YES;
				LD_RUNPATH_SEARCH_PATHS = (
					"$(inherited)",
					"@executable_path/../Frameworks",
					"@loader_path/../Frameworks",
				);
				MACOSX_DEPLOYMENT_TARGET = 26.0;
				PRODUCT_BUNDLE_IDENTIFIER = com.debuginn.iHostsToolTests;
				SDKROOT = macosx;
			};
			name = Debug;
		};
		95B3EEB18DF9FE1AE82A9033 /* Release */ = {
			isa = XCBuildConfiguration;
			buildSettings = {
				BUNDLE_LOADER = "$(TEST_HOST)";
				COMBINE_HIDPI_IMAGES = YES;
				LD_RUNPATH_SEARCH_PATHS = (
					"$(inherited)",
					"@executable_path/../Frameworks",
					"@loader_path/../Frameworks",
				);
				MACOSX_DEPLOYMENT_TARGET = 26.0;
				PRODUCT_BUNDLE_IDENTIFIER = com.debuginn.iHostsToolTests;
				SDKROOT = macosx;
			};
			name = Release;
		};
		AAA4E0063F216141FF2D80E5 /* Release */ = {
			isa = XCBuildConfiguration;
			buildSettings = {
				CODE_SIGN_ENTITLEMENTS = iHostsHelper/iHostsHelper.entitlements;
				COMBINE_HIDPI_IMAGES = YES;
				ENABLE_HARDENED_RUNTIME = YES;
				INFOPLIST_FILE = iHostsHelper/Info.plist;
				LD_RUNPATH_SEARCH_PATHS = (
					"$(inherited)",
					"@executable_path/../Frameworks",
				);
				MACOSX_DEPLOYMENT_TARGET = 26.0;
				PRODUCT_BUNDLE_IDENTIFIER = com.debuginn.iHostsTool.Helper;
				PRODUCT_NAME = iHostsHelper;
				SDKROOT = macosx;
				SKIP_INSTALL = NO;
			};
			name = Release;
		};
/* End XCBuildConfiguration section */

/* Begin XCConfigurationList section */
		105331427BFFE622ACA5BFF1 /* Build configuration list for PBXNativeTarget "iHostsWidget" */ = {
			isa = XCConfigurationList;
			buildConfigurations = (
				698193F99D15B6952376340D /* Debug */,
				85B65375CF05992EFBAF0FBF /* Release */,
			);
			defaultConfigurationIsVisible = 0;
			defaultConfigurationName = Debug;
		};
		61DB1260409798F791FDFF81 /* Build configuration list for PBXNativeTarget "SharedKitTests" */ = {
			isa = XCConfigurationList;
			buildConfigurations = (
				8F3BD7156D5B175481AC5D84 /* Debug */,
				95B3EEB18DF9FE1AE82A9033 /* Release */,
			);
			defaultConfigurationIsVisible = 0;
			defaultConfigurationName = Debug;
		};
		F2805E4367D07615FA90404E /* Build configuration list for PBXNativeTarget "iHostsHelper" */ = {
			isa = XCConfigurationList;
			buildConfigurations = (
				0827430F8AD2CDD0F515BDFA /* Debug */,
				AAA4E0063F216141FF2D80E5 /* Release */,
			);
			defaultConfigurationIsVisible = 0;
			defaultConfigurationName = Debug;
		};
		FABC3E04CACB3EF98DD4088C /* Build configuration list for PBXProject "iHostsTool" */ = {
			isa = XCConfigurationList;
			buildConfigurations = (
				5F21130E2C333BDE0F8D7D97 /* Debug */,
				6A0CBF8C38A123FBFDA8615E /* Release */,
			);
			defaultConfigurationIsVisible = 0;
			defaultConfigurationName = Debug;
		};
		FC5D6D5FCD39A1BDD78C3F75 /* Build configuration list for PBXNativeTarget "iHostsTool" */ = {
			isa = XCConfigurationList;
			buildConfigurations = (
				642F023D67B4EF8F4D0EDC01 /* Debug */,
				56F2F0D78EF1411055B6DEDE /* Release */,
			);
			defaultConfigurationIsVisible = 0;
			defaultConfigurationName = Debug;
		};
/* End XCConfigurationList section */

/* Begin XCLocalSwiftPackageReference section */
		D6BC7B061C4CE982F05E7625 /* XCLocalSwiftPackageReference "SharedKit" */ = {
			isa = XCLocalSwiftPackageReference;
			relativePath = SharedKit;
		};
/* End XCLocalSwiftPackageReference section */

/* Begin XCSwiftPackageProductDependency section */
		0D023AA9BC995B6C9484E6B3 /* SharedKit */ = {
			isa = XCSwiftPackageProductDependency;
			productName = SharedKit;
		};
		51D55A24605D59E6AF13BB0A /* SharedKit */ = {
			isa = XCSwiftPackageProductDependency;
			productName = SharedKit;
		};
		67292AB65E8ED3776A04D25F /* SharedKit */ = {
			isa = XCSwiftPackageProductDependency;
			productName = SharedKit;
		};
		8BFD59A242092D6CD6F7F0D0 /* SharedKit */ = {
			isa = XCSwiftPackageProductDependency;
			productName = SharedKit;
		};
/* End XCSwiftPackageProductDependency section */
	};
	rootObject = 96976086DE5D976E40034A69 /* Project object */;
}
