// !$*UTF8*$!
{
	archiveVersion = 1;
	classes = {
	};
	objectVersion = 77;
	objects = {

/* Begin PBXBuildFile section */
		04885C2ACA67C803D0D767FE /* GroupDetailView.swift in Sources */ = {isa = PBXBuildFile; fileRef = 1161B764860787AC3935FE5F /* GroupDetailView.swift */; };
		111F3E10A3F6CA559D38EBDE /* HistoryInspectorView.swift in Sources */ = {isa = PBXBuildFile; fileRef = 924A3D15059C2CA167103BE1 /* HistoryInspectorView.swift */; };
		1E577866A6CB86546721FE83 /* main.swift in Sources */ = {isa = PBXBuildFile; fileRef = E17A3B580A5A1E6728E1C54A /* main.swift */; };
		315F0F41B0B52FA5CDDD5EED /* AppViewModel.swift in Sources */ = {isa = PBXBuildFile; fileRef = 698E8647873A190C96415757 /* AppViewModel.swift */; };
		3A4B470D0D4AC8DC1916C316 /* PlaceholderTests.swift in Sources */ = {isa = PBXBuildFile; fileRef = 2579E2CB37A1D9EF5BC92CA6 /* PlaceholderTests.swift */; };
		4424A41B55F0C0BE018D2887 /* HostsValidator.swift in Sources */ = {isa = PBXBuildFile; fileRef = A9787AAB23B9DC2B46DE5646 /* HostsValidator.swift */; };
		46349763A5EDCB9C7F579597 /* HostsWidgetBundle.swift in Sources */ = {isa = PBXBuildFile; fileRef = E31DED04FF82C41F18982C1C /* HostsWidgetBundle.swift */; };
		4F5D689B33CC0161EC042615 /* SharedKit in Frameworks */ = {isa = PBXBuildFile; productRef = 76F877DEC65AC86B50B343A7 /* SharedKit */; };
		5122F6E7AA7515C3900EC7E4 /* HostsGroupConfig.swift in Sources */ = {isa = PBXBuildFile; fileRef = BFE2F06B763EDF7AC13DD815 /* HostsGroupConfig.swift */; };
		61FD2485BD7F5B2B1912039B /* HostsEditorView.swift in Sources */ = {isa = PBXBuildFile; fileRef = 58632940EC1D450105825094 /* HostsEditorView.swift */; };
		6F2045ED85A25DCDD15ABF5E /* SharedKit in Frameworks */ = {isa = PBXBuildFile; productRef = 74A6BEE1F11D8DAA282F8B33 /* SharedKit */; };
		72753A457E731D280F18C715 /* SharedKit in Frameworks */ = {isa = PBXBuildFile; productRef = 91D2C736233D439F5F90E07C /* SharedKit */; };
		78A9DDAF15CCCB356F545CC7 /* ConfigSnapshot.swift in Sources */ = {isa = PBXBuildFile; fileRef = 887D2F36AAA53254091D4082 /* ConfigSnapshot.swift */; };
		7C1893D0AF46BE757CE7B182 /* SettingsView.swift in Sources */ = {isa = PBXBuildFile; fileRef = 7436EA1C7EB5E04D6D6D1F85 /* SettingsView.swift */; };
		967CA757FC390BD6DF3A1CB4 /* HostsComposer.swift in Sources */ = {isa = PBXBuildFile; fileRef = 5BAFD3CEC77F37508D0FB289 /* HostsComposer.swift */; };
		A00B196B8F7F22517431D1DE /* GroupSidebarView.swift in Sources */ = {isa = PBXBuildFile; fileRef = BAD47AB40A17A2B1B7019AE8 /* GroupSidebarView.swift */; };
		AABF4655770AFFF0D1B6A524 /* HelperInstaller.swift in Sources */ = {isa = PBXBuildFile; fileRef = 161E465F3DABDF84B73F1D89 /* HelperInstaller.swift */; };
		AFFDA52296F658B22A7D58AB /* OpenHostsApp.swift in Sources */ = {isa = PBXBuildFile; fileRef = 6EBEF3BB0ACA3A05C1A83ED0 /* OpenHostsApp.swift */; };
		BA5A311598923FA4990336D9 /* ToggleConfigIntent.swift in Sources */ = {isa = PBXBuildFile; fileRef = C2D2F6BCBE106BEA3D661C92 /* ToggleConfigIntent.swift */; };
		BE74F328DFD1998C7D897261 /* ConfigStore.swift in Sources */ = {isa = PBXBuildFile; fileRef = 984BB17E5478DE0A232CC8B6 /* ConfigStore.swift */; };
		CB753E5043A6727E41FCD8EF /* AddGroupSheet.swift in Sources */ = {isa = PBXBuildFile; fileRef = 3AC0F15D4D97BF1646706BCE /* AddGroupSheet.swift */; };
		D0BB16FE41F32B45FF38611C /* Assets.xcassets in Resources */ = {isa = PBXBuildFile; fileRef = 98D6C140C6F667E39A134859 /* Assets.xcassets */; };
		D337BA540999AF6EF7095FDB /* EditorRootView.swift in Sources */ = {isa = PBXBuildFile; fileRef = 8A57F8E0AB320875F3B4CB5F /* EditorRootView.swift */; };
		D35F7328F0203EB3F441A114 /* MenuBarPopoverView.swift in Sources */ = {isa = PBXBuildFile; fileRef = DC6B3D0509BC616B803005DF /* MenuBarPopoverView.swift */; };
		E0068FDF6C324DD50C6699E6 /* HostsParser.swift in Sources */ = {isa = PBXBuildFile; fileRef = C11D0A84769ECC6676A01F50 /* HostsParser.swift */; };
		E46092D145E5F1746261E1D7 /* HostsGroup.swift in Sources */ = {isa = PBXBuildFile; fileRef = 377982CD34830C4C53F667DE /* HostsGroup.swift */; };
		ED9FE1672087E25BD0CD8F6E /* HelperXPCClient.swift in Sources */ = {isa = PBXBuildFile; fileRef = 3B40F6034BD5DB70B24F2F7E /* HelperXPCClient.swift */; };
		FFB571912F79FF54AF37B9B2 /* OpenHostsWidget.appex in Embed Foundation Extensions */ = {isa = PBXBuildFile; fileRef = D2662598239CFD436C796AFA /* OpenHostsWidget.appex */; settings = {ATTRIBUTES = (CodeSignOnCopy, RemoveHeadersOnCopy, ); }; };
/* End PBXBuildFile section */

/* Begin PBXContainerItemProxy section */
		1638415ADE26063ADA3653A9 /* PBXContainerItemProxy */ = {
			isa = PBXContainerItemProxy;
			containerPortal = 790FDFFED3344DEA63AD72CD /* Project object */;
			proxyType = 1;
			remoteGlobalIDString = A1ACB652875E2C499FEF3D4A;
			remoteInfo = OpenHostsWidget;
		};
		F327B4AE58F8C826C33DF5FC /* PBXContainerItemProxy */ = {
			isa = PBXContainerItemProxy;
			containerPortal = 790FDFFED3344DEA63AD72CD /* Project object */;
			proxyType = 1;
			remoteGlobalIDString = FE3457F2521AA9D209F39987;
			remoteInfo = OpenHostsHelper;
		};
/* End PBXContainerItemProxy section */

/* Begin PBXCopyFilesBuildPhase section */
		827811FABFF64B0530F760BB /* Embed Foundation Extensions */ = {
			isa = PBXCopyFilesBuildPhase;
			buildActionMask = 2147483647;
			dstPath = "";
			dstSubfolderSpec = 13;
			files = (
				FFB571912F79FF54AF37B9B2 /* OpenHostsWidget.appex in Embed Foundation Extensions */,
			);
			name = "Embed Foundation Extensions";
			runOnlyForDeploymentPostprocessing = 0;
		};
/* End PBXCopyFilesBuildPhase section */

/* Begin PBXFileReference section */
		0AE182A2BFFDD12A738280C4 /* OpenHostsHelper.entitlements */ = {isa = PBXFileReference; lastKnownFileType = text.plist.entitlements; path = OpenHostsHelper.entitlements; sourceTree = "<group>"; };
		1161B764860787AC3935FE5F /* GroupDetailView.swift */ = {isa = PBXFileReference; lastKnownFileType = sourcecode.swift; path = GroupDetailView.swift; sourceTree = "<group>"; };
		161E465F3DABDF84B73F1D89 /* HelperInstaller.swift */ = {isa = PBXFileReference; lastKnownFileType = sourcecode.swift; path = HelperInstaller.swift; sourceTree = "<group>"; };
		21466C2EAFF8C92FC05F6D48 /* SharedKit */ = {isa = PBXFileReference; lastKnownFileType = folder; name = SharedKit; path = SharedKit; sourceTree = SOURCE_ROOT; };
		2579E2CB37A1D9EF5BC92CA6 /* PlaceholderTests.swift */ = {isa = PBXFileReference; lastKnownFileType = sourcecode.swift; path = PlaceholderTests.swift; sourceTree = "<group>"; };
		3147F3874C4B9CD607A98E38 /* Info.plist */ = {isa = PBXFileReference; lastKnownFileType = text.plist; path = Info.plist; sourceTree = "<group>"; };
		377982CD34830C4C53F667DE /* HostsGroup.swift */ = {isa = PBXFileReference; lastKnownFileType = sourcecode.swift; path = HostsGroup.swift; sourceTree = "<group>"; };
		3AC0F15D4D97BF1646706BCE /* AddGroupSheet.swift */ = {isa = PBXFileReference; lastKnownFileType = sourcecode.swift; path = AddGroupSheet.swift; sourceTree = "<group>"; };
		3B40F6034BD5DB70B24F2F7E /* HelperXPCClient.swift */ = {isa = PBXFileReference; lastKnownFileType = sourcecode.swift; path = HelperXPCClient.swift; sourceTree = "<group>"; };
		58632940EC1D450105825094 /* HostsEditorView.swift */ = {isa = PBXFileReference; lastKnownFileType = sourcecode.swift; path = HostsEditorView.swift; sourceTree = "<group>"; };
		5BAFD3CEC77F37508D0FB289 /* HostsComposer.swift */ = {isa = PBXFileReference; lastKnownFileType = sourcecode.swift; path = HostsComposer.swift; sourceTree = "<group>"; };
		698E8647873A190C96415757 /* AppViewModel.swift */ = {isa = PBXFileReference; lastKnownFileType = sourcecode.swift; path = AppViewModel.swift; sourceTree = "<group>"; };
		6B9E750FD26CA4A470F244B2 /* SharedKitTests.xctest */ = {isa = PBXFileReference; explicitFileType = wrapper.cfbundle; includeInIndex = 0; path = SharedKitTests.xctest; sourceTree = BUILT_PRODUCTS_DIR; };
		6D1E718FCDE08E8DB191832B /* Info.plist */ = {isa = PBXFileReference; lastKnownFileType = text.plist; path = Info.plist; sourceTree = "<group>"; };
		6EBEF3BB0ACA3A05C1A83ED0 /* OpenHostsApp.swift */ = {isa = PBXFileReference; lastKnownFileType = sourcecode.swift; path = OpenHostsApp.swift; sourceTree = "<group>"; };
		7436EA1C7EB5E04D6D6D1F85 /* SettingsView.swift */ = {isa = PBXFileReference; lastKnownFileType = sourcecode.swift; path = SettingsView.swift; sourceTree = "<group>"; };
		887D2F36AAA53254091D4082 /* ConfigSnapshot.swift */ = {isa = PBXFileReference; lastKnownFileType = sourcecode.swift; path = ConfigSnapshot.swift; sourceTree = "<group>"; };
		8A57F8E0AB320875F3B4CB5F /* EditorRootView.swift */ = {isa = PBXFileReference; lastKnownFileType = sourcecode.swift; path = EditorRootView.swift; sourceTree = "<group>"; };
		924A3D15059C2CA167103BE1 /* HistoryInspectorView.swift */ = {isa = PBXFileReference; lastKnownFileType = sourcecode.swift; path = HistoryInspectorView.swift; sourceTree = "<group>"; };
		984BB17E5478DE0A232CC8B6 /* ConfigStore.swift */ = {isa = PBXFileReference; lastKnownFileType = sourcecode.swift; path = ConfigStore.swift; sourceTree = "<group>"; };
		98D6C140C6F667E39A134859 /* Assets.xcassets */ = {isa = PBXFileReference; lastKnownFileType = folder.assetcatalog; path = Assets.xcassets; sourceTree = "<group>"; };
		A8ED32A9927F1694682BF2B1 /* OpenHosts.app */ = {isa = PBXFileReference; explicitFileType = wrapper.application; includeInIndex = 0; path = OpenHosts.app; sourceTree = BUILT_PRODUCTS_DIR; };
		A9787AAB23B9DC2B46DE5646 /* HostsValidator.swift */ = {isa = PBXFileReference; lastKnownFileType = sourcecode.swift; path = HostsValidator.swift; sourceTree = "<group>"; };
		AA48709FA5308EB806F1723D /* OpenHosts.entitlements */ = {isa = PBXFileReference; lastKnownFileType = text.plist.entitlements; path = OpenHosts.entitlements; sourceTree = "<group>"; };
		BAD47AB40A17A2B1B7019AE8 /* GroupSidebarView.swift */ = {isa = PBXFileReference; lastKnownFileType = sourcecode.swift; path = GroupSidebarView.swift; sourceTree = "<group>"; };
		BFE2F06B763EDF7AC13DD815 /* HostsGroupConfig.swift */ = {isa = PBXFileReference; lastKnownFileType = sourcecode.swift; path = HostsGroupConfig.swift; sourceTree = "<group>"; };
		C11D0A84769ECC6676A01F50 /* HostsParser.swift */ = {isa = PBXFileReference; lastKnownFileType = sourcecode.swift; path = HostsParser.swift; sourceTree = "<group>"; };
		C2D2F6BCBE106BEA3D661C92 /* ToggleConfigIntent.swift */ = {isa = PBXFileReference; lastKnownFileType = sourcecode.swift; path = ToggleConfigIntent.swift; sourceTree = "<group>"; };
		D2662598239CFD436C796AFA /* OpenHostsWidget.appex */ = {isa = PBXFileReference; explicitFileType = "wrapper.app-extension"; includeInIndex = 0; path = OpenHostsWidget.appex; sourceTree = BUILT_PRODUCTS_DIR; };
		DC6B3D0509BC616B803005DF /* MenuBarPopoverView.swift */ = {isa = PBXFileReference; lastKnownFileType = sourcecode.swift; path = MenuBarPopoverView.swift; sourceTree = "<group>"; };
		E17A3B580A5A1E6728E1C54A /* main.swift */ = {isa = PBXFileReference; lastKnownFileType = sourcecode.swift; path = main.swift; sourceTree = "<group>"; };
		E31DED04FF82C41F18982C1C /* HostsWidgetBundle.swift */ = {isa = PBXFileReference; lastKnownFileType = sourcecode.swift; path = HostsWidgetBundle.swift; sourceTree = "<group>"; };
		E43C69A986E83F4701949083 /* OpenHostsWidget.entitlements */ = {isa = PBXFileReference; lastKnownFileType = text.plist.entitlements; path = OpenHostsWidget.entitlements; sourceTree = "<group>"; };
		EF919C2E12F97601AA529D24 /* Info.plist */ = {isa = PBXFileReference; lastKnownFileType = text.plist; path = Info.plist; sourceTree = "<group>"; };
		FBE3FFE1CA94E367BA9756B5 /* OpenHostsHelper */ = {isa = PBXFileReference; includeInIndex = 0; path = OpenHostsHelper; sourceTree = BUILT_PRODUCTS_DIR; };
/* End PBXFileReference section */

/* Begin PBXFrameworksBuildPhase section */
		3600C875FF4B5822E8AEAEC8 /* Frameworks */ = {
			isa = PBXFrameworksBuildPhase;
			buildActionMask = 2147483647;
			files = (
				6F2045ED85A25DCDD15ABF5E /* SharedKit in Frameworks */,
			);
			runOnlyForDeploymentPostprocessing = 0;
		};
		58348AA790C5C7E92EA4A51E /* Frameworks */ = {
			isa = PBXFrameworksBuildPhase;
			buildActionMask = 2147483647;
			files = (
				4F5D689B33CC0161EC042615 /* SharedKit in Frameworks */,
			);
			runOnlyForDeploymentPostprocessing = 0;
		};
		C95C11B576433B99FCE703BF /* Frameworks */ = {
			isa = PBXFrameworksBuildPhase;
			buildActionMask = 2147483647;
			files = (
				72753A457E731D280F18C715 /* SharedKit in Frameworks */,
			);
			runOnlyForDeploymentPostprocessing = 0;
		};
/* End PBXFrameworksBuildPhase section */

/* Begin PBXGroup section */
		36ABE34827AC43852ED725A7 /* SharedKitTests */ = {
			isa = PBXGroup;
			children = (
				2579E2CB37A1D9EF5BC92CA6 /* PlaceholderTests.swift */,
			);
			path = SharedKitTests;
			sourceTree = "<group>";
		};
		3EF9F85678766A90DB869027 /* Packages */ = {
			isa = PBXGroup;
			children = (
				21466C2EAFF8C92FC05F6D48 /* SharedKit */,
			);
			name = Packages;
			sourceTree = "<group>";
		};
		409B5694F5AB01F5F2C70A8E /* Views */ = {
			isa = PBXGroup;
			children = (
				AF3232FEBBC5D1E5FD818C6A /* Editor */,
				E91C0E56130BF47A613E8FE2 /* MenuBar */,
				DD8F47945512DC8791A0660B /* Settings */,
				5863B5A2A54584E83E4DAF4B /* Sidebar */,
			);
			path = Views;
			sourceTree = "<group>";
		};
		564DD341B8F09AA15C6477CB /* OpenHostsWidget */ = {
			isa = PBXGroup;
			children = (
				E31DED04FF82C41F18982C1C /* HostsWidgetBundle.swift */,
				EF919C2E12F97601AA529D24 /* Info.plist */,
				E43C69A986E83F4701949083 /* OpenHostsWidget.entitlements */,
				C2D2F6BCBE106BEA3D661C92 /* ToggleConfigIntent.swift */,
			);
			path = OpenHostsWidget;
			sourceTree = "<group>";
		};
		5863B5A2A54584E83E4DAF4B /* Sidebar */ = {
			isa = PBXGroup;
			children = (
				3AC0F15D4D97BF1646706BCE /* AddGroupSheet.swift */,
				BAD47AB40A17A2B1B7019AE8 /* GroupSidebarView.swift */,
			);
			path = Sidebar;
			sourceTree = "<group>";
		};
		A2B69E05E6D365F660CD38A9 /* OpenHosts */ = {
			isa = PBXGroup;
			children = (
				3147F3874C4B9CD607A98E38 /* Info.plist */,
				AA48709FA5308EB806F1723D /* OpenHosts.entitlements */,
				A4B78C8F13D7DFAC6D9BF38B /* App */,
				B64C2D528A99C0CCCA7FC887 /* Models */,
				B93DE154AA0300D02D17733B /* Resources */,
				C9386B35CE4F93561BA0FA7C /* Services */,
				C81C9917DE555A1E46482813 /* ViewModels */,
				409B5694F5AB01F5F2C70A8E /* Views */,
			);
			path = OpenHosts;
			sourceTree = "<group>";
		};
		A4B78C8F13D7DFAC6D9BF38B /* App */ = {
			isa = PBXGroup;
			children = (
				6EBEF3BB0ACA3A05C1A83ED0 /* OpenHostsApp.swift */,
			);
			path = App;
			sourceTree = "<group>";
		};
		AF3232FEBBC5D1E5FD818C6A /* Editor */ = {
			isa = PBXGroup;
			children = (
				8A57F8E0AB320875F3B4CB5F /* EditorRootView.swift */,
				1161B764860787AC3935FE5F /* GroupDetailView.swift */,
				924A3D15059C2CA167103BE1 /* HistoryInspectorView.swift */,
				58632940EC1D450105825094 /* HostsEditorView.swift */,
			);
			path = Editor;
			sourceTree = "<group>";
		};
		B64C2D528A99C0CCCA7FC887 /* Models */ = {
			isa = PBXGroup;
			children = (
				887D2F36AAA53254091D4082 /* ConfigSnapshot.swift */,
				5BAFD3CEC77F37508D0FB289 /* HostsComposer.swift */,
				377982CD34830C4C53F667DE /* HostsGroup.swift */,
				BFE2F06B763EDF7AC13DD815 /* HostsGroupConfig.swift */,
				C11D0A84769ECC6676A01F50 /* HostsParser.swift */,
			);
			path = Models;
			sourceTree = "<group>";
		};
		B93DE154AA0300D02D17733B /* Resources */ = {
			isa = PBXGroup;
			children = (
				98D6C140C6F667E39A134859 /* Assets.xcassets */,
			);
			path = Resources;
			sourceTree = "<group>";
		};
		C616CA499F120E075A5E86CC = {
			isa = PBXGroup;
			children = (
				A2B69E05E6D365F660CD38A9 /* OpenHosts */,
				D38D4B19C4FA65249A42C986 /* OpenHostsHelper */,
				564DD341B8F09AA15C6477CB /* OpenHostsWidget */,
				3EF9F85678766A90DB869027 /* Packages */,
				36ABE34827AC43852ED725A7 /* SharedKitTests */,
				C7BA482F06C88D0A1C6EE69F /* Products */,
			);
			sourceTree = "<group>";
		};
		C7BA482F06C88D0A1C6EE69F /* Products */ = {
			isa = PBXGroup;
			children = (
				A8ED32A9927F1694682BF2B1 /* OpenHosts.app */,
				FBE3FFE1CA94E367BA9756B5 /* OpenHostsHelper */,
				D2662598239CFD436C796AFA /* OpenHostsWidget.appex */,
				6B9E750FD26CA4A470F244B2 /* SharedKitTests.xctest */,
			);
			name = Products;
			sourceTree = "<group>";
		};
		C81C9917DE555A1E46482813 /* ViewModels */ = {
			isa = PBXGroup;
			children = (
				698E8647873A190C96415757 /* AppViewModel.swift */,
			);
			path = ViewModels;
			sourceTree = "<group>";
		};
		C9386B35CE4F93561BA0FA7C /* Services */ = {
			isa = PBXGroup;
			children = (
				984BB17E5478DE0A232CC8B6 /* ConfigStore.swift */,
				161E465F3DABDF84B73F1D89 /* HelperInstaller.swift */,
				3B40F6034BD5DB70B24F2F7E /* HelperXPCClient.swift */,
				A9787AAB23B9DC2B46DE5646 /* HostsValidator.swift */,
			);
			path = Services;
			sourceTree = "<group>";
		};
		D38D4B19C4FA65249A42C986 /* OpenHostsHelper */ = {
			isa = PBXGroup;
			children = (
				6D1E718FCDE08E8DB191832B /* Info.plist */,
				E17A3B580A5A1E6728E1C54A /* main.swift */,
				0AE182A2BFFDD12A738280C4 /* OpenHostsHelper.entitlements */,
			);
			path = OpenHostsHelper;
			sourceTree = "<group>";
		};
		DD8F47945512DC8791A0660B /* Settings */ = {
			isa = PBXGroup;
			children = (
				7436EA1C7EB5E04D6D6D1F85 /* SettingsView.swift */,
			);
			path = Settings;
			sourceTree = "<group>";
		};
		E91C0E56130BF47A613E8FE2 /* MenuBar */ = {
			isa = PBXGroup;
			children = (
				DC6B3D0509BC616B803005DF /* MenuBarPopoverView.swift */,
			);
			path = MenuBar;
			sourceTree = "<group>";
		};
/* End PBXGroup section */

/* Begin PBXNativeTarget section */
		85A5969FD75108CCA6E7110F /* SharedKitTests */ = {
			isa = PBXNativeTarget;
			buildConfigurationList = F219AC070690D0BF3529C631 /* Build configuration list for PBXNativeTarget "SharedKitTests" */;
			buildPhases = (
				E7C20971F988C62A734FD690 /* Sources */,
				3600C875FF4B5822E8AEAEC8 /* Frameworks */,
			);
			buildRules = (
			);
			dependencies = (
			);
			name = SharedKitTests;
			packageProductDependencies = (
				74A6BEE1F11D8DAA282F8B33 /* SharedKit */,
			);
			productName = SharedKitTests;
			productReference = 6B9E750FD26CA4A470F244B2 /* SharedKitTests.xctest */;
			productType = "com.apple.product-type.bundle.unit-test";
		};
		A1ACB652875E2C499FEF3D4A /* OpenHostsWidget */ = {
			isa = PBXNativeTarget;
			buildConfigurationList = A9CE749B9B40646B27423226 /* Build configuration list for PBXNativeTarget "OpenHostsWidget" */;
			buildPhases = (
				99005247ADFB9891A9E7EDFD /* Sources */,
				C95C11B576433B99FCE703BF /* Frameworks */,
			);
			buildRules = (
			);
			dependencies = (
			);
			name = OpenHostsWidget;
			packageProductDependencies = (
				91D2C736233D439F5F90E07C /* SharedKit */,
			);
			productName = OpenHostsWidget;
			productReference = D2662598239CFD436C796AFA /* OpenHostsWidget.appex */;
			productType = "com.apple.product-type.app-extension";
		};
		EE264EC81D7E54BBB3459E0C /* OpenHosts */ = {
			isa = PBXNativeTarget;
			buildConfigurationList = 23AAF8E7618637764F214A6F /* Build configuration list for PBXNativeTarget "OpenHosts" */;
			buildPhases = (
				EDEE372863D675C8DFD0EC92 /* Sources */,
				1EFA1C5FA1799A724B1A9647 /* Resources */,
				58348AA790C5C7E92EA4A51E /* Frameworks */,
				827811FABFF64B0530F760BB /* Embed Foundation Extensions */,
				6577342C5FB7DA20BDD4CCD8 /* Copy LaunchDaemon files */,
			);
			buildRules = (
			);
			dependencies = (
				BD239572E0367EC43CDFB5DF /* PBXTargetDependency */,
				892BEDEBC1EA3574C1B0F6B3 /* PBXTargetDependency */,
			);
			name = OpenHosts;
			packageProductDependencies = (
				76F877DEC65AC86B50B343A7 /* SharedKit */,
			);
			productName = OpenHosts;
			productReference = A8ED32A9927F1694682BF2B1 /* OpenHosts.app */;
			productType = "com.apple.product-type.application";
		};
		FE3457F2521AA9D209F39987 /* OpenHostsHelper */ = {
			isa = PBXNativeTarget;
			buildConfigurationList = 719971205ACDEDB36FD8772A /* Build configuration list for PBXNativeTarget "OpenHostsHelper" */;
			buildPhases = (
				647D901A93F013CBD6504E5A /* Sources */,
			);
			buildRules = (
			);
			dependencies = (
			);
			name = OpenHostsHelper;
			packageProductDependencies = (
			);
			productName = OpenHostsHelper;
			productReference = FBE3FFE1CA94E367BA9756B5 /* OpenHostsHelper */;
			productType = "com.apple.product-type.tool";
		};
/* End PBXNativeTarget section */

/* Begin PBXProject section */
		790FDFFED3344DEA63AD72CD /* Project object */ = {
			isa = PBXProject;
			attributes = {
				BuildIndependentTargetsInParallel = YES;
				LastUpgradeCheck = 2600;
				TargetAttributes = {
					85A5969FD75108CCA6E7110F = {
						DevelopmentTeam = TXVGDTDY84;
						ProvisioningStyle = Automatic;
					};
					A1ACB652875E2C499FEF3D4A = {
						DevelopmentTeam = TXVGDTDY84;
						ProvisioningStyle = Automatic;
					};
					EE264EC81D7E54BBB3459E0C = {
						DevelopmentTeam = TXVGDTDY84;
						ProvisioningStyle = Automatic;
					};
					FE3457F2521AA9D209F39987 = {
						DevelopmentTeam = TXVGDTDY84;
						ProvisioningStyle = Automatic;
					};
				};
			};
			buildConfigurationList = 588E69AB3262B4E2C8D188B5 /* Build configuration list for PBXProject "OpenHosts" */;
			developmentRegion = en;
			hasScannedForEncodings = 0;
			knownRegions = (
				Base,
				en,
			);
			mainGroup = C616CA499F120E075A5E86CC;
			minimizedProjectReferenceProxies = 1;
			packageReferences = (
				76C52280AB0DD40172FEF407 /* XCLocalSwiftPackageReference "SharedKit" */,
			);
			preferredProjectObjectVersion = 77;
			productRefGroup = C7BA482F06C88D0A1C6EE69F /* Products */;
			projectDirPath = "";
			projectRoot = "";
			targets = (
				EE264EC81D7E54BBB3459E0C /* OpenHosts */,
				FE3457F2521AA9D209F39987 /* OpenHostsHelper */,
				A1ACB652875E2C499FEF3D4A /* OpenHostsWidget */,
				85A5969FD75108CCA6E7110F /* SharedKitTests */,
			);
		};
/* End PBXProject section */

/* Begin PBXResourcesBuildPhase section */
		1EFA1C5FA1799A724B1A9647 /* Resources */ = {
			isa = PBXResourcesBuildPhase;
			buildActionMask = 2147483647;
			files = (
				D0BB16FE41F32B45FF38611C /* Assets.xcassets in Resources */,
			);
			runOnlyForDeploymentPostprocessing = 0;
		};
/* End PBXResourcesBuildPhase section */

/* Begin PBXShellScriptBuildPhase section */
		6577342C5FB7DA20BDD4CCD8 /* Copy LaunchDaemon files */ = {
			isa = PBXShellScriptBuildPhase;
			alwaysOutOfDate = 1;
			buildActionMask = 2147483647;
			files = (
			);
			inputFileListPaths = (
			);
			inputPaths = (
			);
			name = "Copy LaunchDaemon files";
			outputFileListPaths = (
			);
			outputPaths = (
			);
			runOnlyForDeploymentPostprocessing = 0;
			shellPath = /bin/sh;
			shellScript = "set -e\nLAUNCHER_DIR=\"${BUILT_PRODUCTS_DIR}/${PRODUCT_NAME}.app/Contents/Library/LaunchDaemons\"\nmkdir -p \"$LAUNCHER_DIR\"\ncp -f \"${SRCROOT}/OpenHosts/Resources/LaunchDaemons/com.debuginn.OpenHosts.Helper.plist\" \"$LAUNCHER_DIR/\"\nif [ -f \"${BUILT_PRODUCTS_DIR}/OpenHostsHelper\" ]; then\n  cp -f \"${BUILT_PRODUCTS_DIR}/OpenHostsHelper\" \"$LAUNCHER_DIR/\"\nfi\n";
		};
/* End PBXShellScriptBuildPhase section */

/* Begin PBXSourcesBuildPhase section */
		647D901A93F013CBD6504E5A /* Sources */ = {
			isa = PBXSourcesBuildPhase;
			buildActionMask = 2147483647;
			files = (
				1E577866A6CB86546721FE83 /* main.swift in Sources */,
			);
			runOnlyForDeploymentPostprocessing = 0;
		};
		99005247ADFB9891A9E7EDFD /* Sources */ = {
			isa = PBXSourcesBuildPhase;
			buildActionMask = 2147483647;
			files = (
				46349763A5EDCB9C7F579597 /* HostsWidgetBundle.swift in Sources */,
				BA5A311598923FA4990336D9 /* ToggleConfigIntent.swift in Sources */,
			);
			runOnlyForDeploymentPostprocessing = 0;
		};
		E7C20971F988C62A734FD690 /* Sources */ = {
			isa = PBXSourcesBuildPhase;
			buildActionMask = 2147483647;
			files = (
				3A4B470D0D4AC8DC1916C316 /* PlaceholderTests.swift in Sources */,
			);
			runOnlyForDeploymentPostprocessing = 0;
		};
		EDEE372863D675C8DFD0EC92 /* Sources */ = {
			isa = PBXSourcesBuildPhase;
			buildActionMask = 2147483647;
			files = (
				CB753E5043A6727E41FCD8EF /* AddGroupSheet.swift in Sources */,
				315F0F41B0B52FA5CDDD5EED /* AppViewModel.swift in Sources */,
				78A9DDAF15CCCB356F545CC7 /* ConfigSnapshot.swift in Sources */,
				BE74F328DFD1998C7D897261 /* ConfigStore.swift in Sources */,
				D337BA540999AF6EF7095FDB /* EditorRootView.swift in Sources */,
				04885C2ACA67C803D0D767FE /* GroupDetailView.swift in Sources */,
				A00B196B8F7F22517431D1DE /* GroupSidebarView.swift in Sources */,
				AABF4655770AFFF0D1B6A524 /* HelperInstaller.swift in Sources */,
				ED9FE1672087E25BD0CD8F6E /* HelperXPCClient.swift in Sources */,
				111F3E10A3F6CA559D38EBDE /* HistoryInspectorView.swift in Sources */,
				967CA757FC390BD6DF3A1CB4 /* HostsComposer.swift in Sources */,
				61FD2485BD7F5B2B1912039B /* HostsEditorView.swift in Sources */,
				E46092D145E5F1746261E1D7 /* HostsGroup.swift in Sources */,
				5122F6E7AA7515C3900EC7E4 /* HostsGroupConfig.swift in Sources */,
				E0068FDF6C324DD50C6699E6 /* HostsParser.swift in Sources */,
				4424A41B55F0C0BE018D2887 /* HostsValidator.swift in Sources */,
				D35F7328F0203EB3F441A114 /* MenuBarPopoverView.swift in Sources */,
				AFFDA52296F658B22A7D58AB /* OpenHostsApp.swift in Sources */,
				7C1893D0AF46BE757CE7B182 /* SettingsView.swift in Sources */,
			);
			runOnlyForDeploymentPostprocessing = 0;
		};
/* End PBXSourcesBuildPhase section */

/* Begin PBXTargetDependency section */
		892BEDEBC1EA3574C1B0F6B3 /* PBXTargetDependency */ = {
			isa = PBXTargetDependency;
			target = A1ACB652875E2C499FEF3D4A /* OpenHostsWidget */;
			targetProxy = 1638415ADE26063ADA3653A9 /* PBXContainerItemProxy */;
		};
		BD239572E0367EC43CDFB5DF /* PBXTargetDependency */ = {
			isa = PBXTargetDependency;
			target = FE3457F2521AA9D209F39987 /* OpenHostsHelper */;
			targetProxy = F327B4AE58F8C826C33DF5FC /* PBXContainerItemProxy */;
		};
/* End PBXTargetDependency section */

/* Begin XCBuildConfiguration section */
		12248765CCEAB6E38845A331 /* Debug */ = {
			isa = XCBuildConfiguration;
			buildSettings = {
				ALWAYS_SEARCH_USER_PATHS = NO;
				CLANG_ANALYZER_NONNULL = YES;
				CLANG_ANALYZER_NUMBER_OBJECT_CONVERSION = YES_AGGRESSIVE;
				CLANG_CXX_LANGUAGE_STANDARD = "gnu++14";
				CLANG_CXX_LIBRARY = "libc++";
				CLANG_ENABLE_MODULES = YES;
				CLANG_ENABLE_OBJC_ARC = YES;
				CLANG_ENABLE_OBJC_WEAK = YES;
				CLANG_WARN_BLOCK_CAPTURE_AUTORELEASING = YES;
				CLANG_WARN_BOOL_CONVERSION = YES;
				CLANG_WARN_COMMA = YES;
				CLANG_WARN_CONSTANT_CONVERSION = YES;
				CLANG_WARN_DEPRECATED_OBJC_IMPLEMENTATIONS = YES;
				CLANG_WARN_DIRECT_OBJC_ISA_USAGE = YES_ERROR;
				CLANG_WARN_DOCUMENTATION_COMMENTS = YES;
				CLANG_WARN_EMPTY_BODY = YES;
				CLANG_WARN_ENUM_CONVERSION = YES;
				CLANG_WARN_INFINITE_RECURSION = YES;
				CLANG_WARN_INT_CONVERSION = YES;
				CLANG_WARN_NON_LITERAL_NULL_CONVERSION = YES;
				CLANG_WARN_OBJC_IMPLICIT_RETAIN_SELF = YES;
				CLANG_WARN_OBJC_LITERAL_CONVERSION = YES;
				CLANG_WARN_OBJC_ROOT_CLASS = YES_ERROR;
				CLANG_WARN_QUOTED_INCLUDE_IN_FRAMEWORK_HEADER = YES;
				CLANG_WARN_RANGE_LOOP_ANALYSIS = YES;
				CLANG_WARN_STRICT_PROTOTYPES = YES;
				CLANG_WARN_SUSPICIOUS_MOVE = YES;
				CLANG_WARN_UNGUARDED_AVAILABILITY = YES_AGGRESSIVE;
				CLANG_WARN_UNREACHABLE_CODE = YES;
				CLANG_WARN__DUPLICATE_METHOD_MATCH = YES;
				CODE_SIGN_STYLE = Automatic;
				COPY_PHASE_STRIP = NO;
				CURRENT_PROJECT_VERSION = 1;
				DEBUG_INFORMATION_FORMAT = dwarf;
				DEVELOPMENT_TEAM = TXVGDTDY84;
				ENABLE_STRICT_OBJC_MSGSEND = YES;
				ENABLE_TESTABILITY = YES;
				GCC_C_LANGUAGE_STANDARD = gnu11;
				GCC_DYNAMIC_NO_PIC = NO;
				GCC_NO_COMMON_BLOCKS = YES;
				GCC_OPTIMIZATION_LEVEL = 0;
				GCC_PREPROCESSOR_DEFINITIONS = (
					"$(inherited)",
					"DEBUG=1",
				);
				GCC_WARN_64_TO_32_BIT_CONVERSION = YES;
				GCC_WARN_ABOUT_RETURN_TYPE = YES_ERROR;
				GCC_WARN_UNDECLARED_SELECTOR = YES;
				GCC_WARN_UNINITIALIZED_AUTOS = YES_AGGRESSIVE;
				GCC_WARN_UNUSED_FUNCTION = YES;
				GCC_WARN_UNUSED_VARIABLE = YES;
				MACOSX_DEPLOYMENT_TARGET = 26.0;
				MARKETING_VERSION = 1.0;
				MTL_ENABLE_DEBUG_INFO = INCLUDE_SOURCE;
				MTL_FAST_MATH = YES;
				ONLY_ACTIVE_ARCH = YES;
				PRODUCT_NAME = "$(TARGET_NAME)";
				SDKROOT = macosx;
				SWIFT_ACTIVE_COMPILATION_CONDITIONS = DEBUG;
				SWIFT_OPTIMIZATION_LEVEL = "-Onone";
				SWIFT_VERSION = 6.0;
			};
			name = Debug;
		};
		1569367E9251F669D6DA91BD /* Debug */ = {
			isa = XCBuildConfiguration;
			buildSettings = {
				ASSETCATALOG_COMPILER_APPICON_NAME = AppIcon;
				CODE_SIGN_ENTITLEMENTS = OpenHosts/OpenHosts.entitlements;
				COMBINE_HIDPI_IMAGES = YES;
				ENABLE_HARDENED_RUNTIME = YES;
				INFOPLIST_FILE = OpenHosts/Info.plist;
				LD_RUNPATH_SEARCH_PATHS = (
					"$(inherited)",
					"@executable_path/../Frameworks",
				);
				MACOSX_DEPLOYMENT_TARGET = 26.0;
				PRODUCT_BUNDLE_IDENTIFIER = com.debuginn.OpenHosts;
				PRODUCT_NAME = OpenHosts;
				SDKROOT = macosx;
			};
			name = Debug;
		};
		4581788AA1397CF72579357C /* Release */ = {
			isa = XCBuildConfiguration;
			buildSettings = {
				ASSETCATALOG_COMPILER_APPICON_NAME = AppIcon;
				CODE_SIGN_ENTITLEMENTS = OpenHosts/OpenHosts.entitlements;
				COMBINE_HIDPI_IMAGES = YES;
				ENABLE_HARDENED_RUNTIME = YES;
				INFOPLIST_FILE = OpenHosts/Info.plist;
				LD_RUNPATH_SEARCH_PATHS = (
					"$(inherited)",
					"@executable_path/../Frameworks",
				);
				MACOSX_DEPLOYMENT_TARGET = 26.0;
				PRODUCT_BUNDLE_IDENTIFIER = com.debuginn.OpenHosts;
				PRODUCT_NAME = OpenHosts;
				SDKROOT = macosx;
			};
			name = Release;
		};
		4B9D0ECFE77C71E922F409EC /* Release */ = {
			isa = XCBuildConfiguration;
			buildSettings = {
				CODE_SIGN_ENTITLEMENTS = OpenHostsHelper/OpenHostsHelper.entitlements;
				COMBINE_HIDPI_IMAGES = YES;
				ENABLE_HARDENED_RUNTIME = YES;
				INFOPLIST_FILE = OpenHostsHelper/Info.plist;
				LD_RUNPATH_SEARCH_PATHS = (
					"$(inherited)",
					"@executable_path/../Frameworks",
				);
				MACOSX_DEPLOYMENT_TARGET = 26.0;
				PRODUCT_BUNDLE_IDENTIFIER = com.debuginn.OpenHosts.Helper;
				PRODUCT_NAME = OpenHostsHelper;
				SDKROOT = macosx;
				SKIP_INSTALL = NO;
			};
			name = Release;
		};
		4DC93C6FAAD3649D7F3EB8ED /* Release */ = {
			isa = XCBuildConfiguration;
			buildSettings = {
				ALWAYS_SEARCH_USER_PATHS = NO;
				CLANG_ANALYZER_NONNULL = YES;
				CLANG_ANALYZER_NUMBER_OBJECT_CONVERSION = YES_AGGRESSIVE;
				CLANG_CXX_LANGUAGE_STANDARD = "gnu++14";
				CLANG_CXX_LIBRARY = "libc++";
				CLANG_ENABLE_MODULES = YES;
				CLANG_ENABLE_OBJC_ARC = YES;
				CLANG_ENABLE_OBJC_WEAK = YES;
				CLANG_WARN_BLOCK_CAPTURE_AUTORELEASING = YES;
				CLANG_WARN_BOOL_CONVERSION = YES;
				CLANG_WARN_COMMA = YES;
				CLANG_WARN_CONSTANT_CONVERSION = YES;
				CLANG_WARN_DEPRECATED_OBJC_IMPLEMENTATIONS = YES;
				CLANG_WARN_DIRECT_OBJC_ISA_USAGE = YES_ERROR;
				CLANG_WARN_DOCUMENTATION_COMMENTS = YES;
				CLANG_WARN_EMPTY_BODY = YES;
				CLANG_WARN_ENUM_CONVERSION = YES;
				CLANG_WARN_INFINITE_RECURSION = YES;
				CLANG_WARN_INT_CONVERSION = YES;
				CLANG_WARN_NON_LITERAL_NULL_CONVERSION = YES;
				CLANG_WARN_OBJC_IMPLICIT_RETAIN_SELF = YES;
				CLANG_WARN_OBJC_LITERAL_CONVERSION = YES;
				CLANG_WARN_OBJC_ROOT_CLASS = YES_ERROR;
				CLANG_WARN_QUOTED_INCLUDE_IN_FRAMEWORK_HEADER = YES;
				CLANG_WARN_RANGE_LOOP_ANALYSIS = YES;
				CLANG_WARN_STRICT_PROTOTYPES = YES;
				CLANG_WARN_SUSPICIOUS_MOVE = YES;
				CLANG_WARN_UNGUARDED_AVAILABILITY = YES_AGGRESSIVE;
				CLANG_WARN_UNREACHABLE_CODE = YES;
				CLANG_WARN__DUPLICATE_METHOD_MATCH = YES;
				CODE_SIGN_STYLE = Automatic;
				COPY_PHASE_STRIP = NO;
				CURRENT_PROJECT_VERSION = 1;
				DEBUG_INFORMATION_FORMAT = "dwarf-with-dsym";
				DEVELOPMENT_TEAM = TXVGDTDY84;
				ENABLE_NS_ASSERTIONS = NO;
				ENABLE_STRICT_OBJC_MSGSEND = YES;
				GCC_C_LANGUAGE_STANDARD = gnu11;
				GCC_NO_COMMON_BLOCKS = YES;
				GCC_WARN_64_TO_32_BIT_CONVERSION = YES;
				GCC_WARN_ABOUT_RETURN_TYPE = YES_ERROR;
				GCC_WARN_UNDECLARED_SELECTOR = YES;
				GCC_WARN_UNINITIALIZED_AUTOS = YES_AGGRESSIVE;
				GCC_WARN_UNUSED_FUNCTION = YES;
				GCC_WARN_UNUSED_VARIABLE = YES;
				MACOSX_DEPLOYMENT_TARGET = 26.0;
				MARKETING_VERSION = 1.0;
				MTL_ENABLE_DEBUG_INFO = NO;
				MTL_FAST_MATH = YES;
				PRODUCT_NAME = "$(TARGET_NAME)";
				SDKROOT = macosx;
				SWIFT_COMPILATION_MODE = wholemodule;
				SWIFT_OPTIMIZATION_LEVEL = "-O";
				SWIFT_VERSION = 6.0;
			};
			name = Release;
		};
		7FC190175F262F0CD527AA9E /* Release */ = {
			isa = XCBuildConfiguration;
			buildSettings = {
				CODE_SIGN_ENTITLEMENTS = OpenHostsWidget/OpenHostsWidget.entitlements;
				COMBINE_HIDPI_IMAGES = YES;
				INFOPLIST_FILE = OpenHostsWidget/Info.plist;
				LD_RUNPATH_SEARCH_PATHS = (
					"$(inherited)",
					"@executable_path/../Frameworks",
					"@executable_path/../../../../Frameworks",
				);
				MACOSX_DEPLOYMENT_TARGET = 26.0;
				PRODUCT_BUNDLE_IDENTIFIER = com.debuginn.OpenHosts.Widget;
				PRODUCT_NAME = OpenHostsWidget;
				SDKROOT = macosx;
			};
			name = Release;
		};
		867CD7976EFBF14EA6B0AAFF /* Release */ = {
			isa = XCBuildConfiguration;
			buildSettings = {
				BUNDLE_LOADER = "$(TEST_HOST)";
				COMBINE_HIDPI_IMAGES = YES;
				LD_RUNPATH_SEARCH_PATHS = (
					"$(inherited)",
					"@executable_path/../Frameworks",
					"@loader_path/../Frameworks",
				);
				MACOSX_DEPLOYMENT_TARGET = 26.0;
				PRODUCT_BUNDLE_IDENTIFIER = com.debuginn.OpenHostsTests;
				SDKROOT = macosx;
			};
			name = Release;
		};
		A0BD8930C62249D022E4DD9A /* Debug */ = {
			isa = XCBuildConfiguration;
			buildSettings = {
				CODE_SIGN_ENTITLEMENTS = OpenHostsWidget/OpenHostsWidget.entitlements;
				COMBINE_HIDPI_IMAGES = YES;
				INFOPLIST_FILE = OpenHostsWidget/Info.plist;
				LD_RUNPATH_SEARCH_PATHS = (
					"$(inherited)",
					"@executable_path/../Frameworks",
					"@executable_path/../../../../Frameworks",
				);
				MACOSX_DEPLOYMENT_TARGET = 26.0;
				PRODUCT_BUNDLE_IDENTIFIER = com.debuginn.OpenHosts.Widget;
				PRODUCT_NAME = OpenHostsWidget;
				SDKROOT = macosx;
			};
			name = Debug;
		};
		A65086A4AE820661529A153D /* Debug */ = {
			isa = XCBuildConfiguration;
			buildSettings = {
				BUNDLE_LOADER = "$(TEST_HOST)";
				COMBINE_HIDPI_IMAGES = YES;
				LD_RUNPATH_SEARCH_PATHS = (
					"$(inherited)",
					"@executable_path/../Frameworks",
					"@loader_path/../Frameworks",
				);
				MACOSX_DEPLOYMENT_TARGET = 26.0;
				PRODUCT_BUNDLE_IDENTIFIER = com.debuginn.OpenHostsTests;
				SDKROOT = macosx;
			};
			name = Debug;
		};
		C98010CBAAA94991638F389E /* Debug */ = {
			isa = XCBuildConfiguration;
			buildSettings = {
				CODE_SIGN_ENTITLEMENTS = OpenHostsHelper/OpenHostsHelper.entitlements;
				COMBINE_HIDPI_IMAGES = YES;
				ENABLE_HARDENED_RUNTIME = YES;
				INFOPLIST_FILE = OpenHostsHelper/Info.plist;
				LD_RUNPATH_SEARCH_PATHS = (
					"$(inherited)",
					"@executable_path/../Frameworks",
				);
				MACOSX_DEPLOYMENT_TARGET = 26.0;
				PRODUCT_BUNDLE_IDENTIFIER = com.debuginn.OpenHosts.Helper;
				PRODUCT_NAME = OpenHostsHelper;
				SDKROOT = macosx;
				SKIP_INSTALL = NO;
			};
			name = Debug;
		};
/* End XCBuildConfiguration section */

/* Begin XCConfigurationList section */
		23AAF8E7618637764F214A6F /* Build configuration list for PBXNativeTarget "OpenHosts" */ = {
			isa = XCConfigurationList;
			buildConfigurations = (
				1569367E9251F669D6DA91BD /* Debug */,
				4581788AA1397CF72579357C /* Release */,
			);
			defaultConfigurationIsVisible = 0;
			defaultConfigurationName = Debug;
		};
		588E69AB3262B4E2C8D188B5 /* Build configuration list for PBXProject "OpenHosts" */ = {
			isa = XCConfigurationList;
			buildConfigurations = (
				12248765CCEAB6E38845A331 /* Debug */,
				4DC93C6FAAD3649D7F3EB8ED /* Release */,
			);
			defaultConfigurationIsVisible = 0;
			defaultConfigurationName = Debug;
		};
		719971205ACDEDB36FD8772A /* Build configuration list for PBXNativeTarget "OpenHostsHelper" */ = {
			isa = XCConfigurationList;
			buildConfigurations = (
				C98010CBAAA94991638F389E /* Debug */,
				4B9D0ECFE77C71E922F409EC /* Release */,
			);
			defaultConfigurationIsVisible = 0;
			defaultConfigurationName = Debug;
		};
		A9CE749B9B40646B27423226 /* Build configuration list for PBXNativeTarget "OpenHostsWidget" */ = {
			isa = XCConfigurationList;
			buildConfigurations = (
				A0BD8930C62249D022E4DD9A /* Debug */,
				7FC190175F262F0CD527AA9E /* Release */,
			);
			defaultConfigurationIsVisible = 0;
			defaultConfigurationName = Debug;
		};
		F219AC070690D0BF3529C631 /* Build configuration list for PBXNativeTarget "SharedKitTests" */ = {
			isa = XCConfigurationList;
			buildConfigurations = (
				A65086A4AE820661529A153D /* Debug */,
				867CD7976EFBF14EA6B0AAFF /* Release */,
			);
			defaultConfigurationIsVisible = 0;
			defaultConfigurationName = Debug;
		};
/* End XCConfigurationList section */

/* Begin XCLocalSwiftPackageReference section */
		76C52280AB0DD40172FEF407 /* XCLocalSwiftPackageReference "SharedKit" */ = {
			isa = XCLocalSwiftPackageReference;
			relativePath = SharedKit;
		};
/* End XCLocalSwiftPackageReference section */

/* Begin XCSwiftPackageProductDependency section */
		74A6BEE1F11D8DAA282F8B33 /* SharedKit */ = {
			isa = XCSwiftPackageProductDependency;
			productName = SharedKit;
		};
		76F877DEC65AC86B50B343A7 /* SharedKit */ = {
			isa = XCSwiftPackageProductDependency;
			productName = SharedKit;
		};
		91D2C736233D439F5F90E07C /* SharedKit */ = {
			isa = XCSwiftPackageProductDependency;
			productName = SharedKit;
		};
/* End XCSwiftPackageProductDependency section */
	};
	rootObject = 790FDFFED3344DEA63AD72CD /* Project object */;
}
